// !$*UTF8*$!
{
	archiveVersion = 1;
	classes = {
	};
	objectVersion = 50;
	objects = {

/* Begin PBXBuildFile section */
		2A835D1720A3C95F006059AF /* TypeViewController.swift in Sources */ = {isa = PBXBuildFile; fileRef = 2A835D1620A3C95F006059AF /* TypeViewController.swift */; };
		2A835D1920A3CEBA006059AF /* TypeItem.swift in Sources */ = {isa = PBXBuildFile; fileRef = 2A835D1820A3CEBA006059AF /* TypeItem.swift */; };
		2A835D1B20A3D3AF006059AF /* TypeDetailViewController.swift in Sources */ = {isa = PBXBuildFile; fileRef = 2A835D1A20A3D3AF006059AF /* TypeDetailViewController.swift */; };
		2A835D1D20A3DA4E006059AF /* TodoModel.swift in Sources */ = {isa = PBXBuildFile; fileRef = 2A835D1C20A3DA4E006059AF /* TodoModel.swift */; };
		2AD1A6BA20A1809100244808 /* AppDelegate.swift in Sources */ = {isa = PBXBuildFile; fileRef = 2AD1A6B920A1809100244808 /* AppDelegate.swift */; };
		2AD1A6BC20A1809100244808 /* ViewController.swift in Sources */ = {isa = PBXBuildFile; fileRef = 2AD1A6BB20A1809100244808 /* ViewController.swift */; };
		2AD1A6BF20A1809100244808 /* Main.storyboard in Resources */ = {isa = PBXBuildFile; fileRef = 2AD1A6BD20A1809100244808 /* Main.storyboard */; };
		2AD1A6C120A1809100244808 /* Assets.xcassets in Resources */ = {isa = PBXBuildFile; fileRef = 2AD1A6C020A1809100244808 /* Assets.xcassets */; };
		2AD1A6C420A1809100244808 /* LaunchScreen.storyboard in Resources */ = {isa = PBXBuildFile; fileRef = 2AD1A6C220A1809100244808 /* LaunchScreen.storyboard */; };
		2AD1A6CF20A1809100244808 /* ______Tests.swift in Sources */ = {isa = PBXBuildFile; fileRef = 2AD1A6CE20A1809100244808 /* ______Tests.swift */; };
		2AD1A6DA20A1809100244808 /* ______UITests.swift in Sources */ = {isa = PBXBuildFile; fileRef = 2AD1A6D920A1809100244808 /* ______UITests.swift */; };
/* End PBXBuildFile section */

/* Begin PBXContainerItemProxy section */
		2AD1A6CB20A1809100244808 /* PBXContainerItemProxy */ = {
			isa = PBXContainerItemProxy;
			containerPortal = 2AD1A6AE20A1809100244808 /* Project object */;
			proxyType = 1;
			remoteGlobalIDString = 2AD1A6B520A1809100244808;
			remoteInfo = "任务提醒软件";
		};
		2AD1A6D620A1809100244808 /* PBXContainerItemProxy */ = {
			isa = PBXContainerItemProxy;
			containerPortal = 2AD1A6AE20A1809100244808 /* Project object */;
			proxyType = 1;
			remoteGlobalIDString = 2AD1A6B520A1809100244808;
			remoteInfo = "任务提醒软件";
		};
/* End PBXContainerItemProxy section */

/* Begin PBXFileReference section */
		2A835D1620A3C95F006059AF /* TypeViewController.swift */ = {isa = PBXFileReference; lastKnownFileType = sourcecode.swift; path = TypeViewController.swift; sourceTree = "<group>"; };
		2A835D1820A3CEBA006059AF /* TypeItem.swift */ = {isa = PBXFileReference; lastKnownFileType = sourcecode.swift; path = TypeItem.swift; sourceTree = "<group>"; };
		2A835D1A20A3D3AF006059AF /* TypeDetailViewController.swift */ = {isa = PBXFileReference; lastKnownFileType = sourcecode.swift; path = TypeDetailViewController.swift; sourceTree = "<group>"; };
		2A835D1C20A3DA4E006059AF /* TodoModel.swift */ = {isa = PBXFileReference; lastKnownFileType = sourcecode.swift; path = TodoModel.swift; sourceTree = "<group>"; };
		2AD1A6B620A1809100244808 /* 任务提醒软件.app */ = {isa = PBXFileReference; explicitFileType = wrapper.application; includeInIndex = 0; path = "任务提醒软件.app"; sourceTree = BUILT_PRODUCTS_DIR; };
		2AD1A6B920A1809100244808 /* AppDelegate.swift */ = {isa = PBXFileReference; lastKnownFileType = sourcecode.swift; path = AppDelegate.swift; sourceTree = "<group>"; };
		2AD1A6BB20A1809100244808 /* ViewController.swift */ = {isa = PBXFileReference; lastKnownFileType = sourcecode.swift; path = ViewController.swift; sourceTree = "<group>"; };
		2AD1A6BE20A1809100244808 /* Base */ = {isa = PBXFileReference; lastKnownFileType = file.storyboard; name = Base; path = Base.lproj/Main.storyboard; sourceTree = "<group>"; };
		2AD1A6C020A1809100244808 /* Assets.xcassets */ = {isa = PBXFileReference; lastKnownFileType = folder.assetcatalog; path = Assets.xcassets; sourceTree = "<group>"; };
		2AD1A6C320A1809100244808 /* Base */ = {isa = PBXFileReference; lastKnownFileType = file.storyboard; name = Base; path = Base.lproj/LaunchScreen.storyboard; sourceTree = "<group>"; };
		2AD1A6C520A1809100244808 /* Info.plist */ = {isa = PBXFileReference; lastKnownFileType = text.plist.xml; path = Info.plist; sourceTree = "<group>"; };
		2AD1A6CA20A1809100244808 /* 任务提醒软件Tests.xctest */ = {isa = PBXFileReference; explicitFileType = wrapper.cfbundle; includeInIndex = 0; path = "任务提醒软件Tests.xctest"; sourceTree = BUILT_PRODUCTS_DIR; };
		2AD1A6CE20A1809100244808 /* ______Tests.swift */ = {isa = PBXFileReference; lastKnownFileType = sourcecode.swift; path = "______Tests.swift"; sourceTree = "<group>"; };
		2AD1A6D020A1809100244808 /* Info.plist */ = {isa = PBXFileReference; lastKnownFileType = text.plist.xml; path = Info.plist; sourceTree = "<group>"; };
		2AD1A6D520A1809100244808 /* 任务提醒软件UITests.xctest */ = {isa = PBXFileReference; explicitFileType = wrapper.cfbundle; includeInIndex = 0; path = "任务提醒软件UITests.xctest"; sourceTree = BUILT_PRODUCTS_DIR; };
		2AD1A6D920A1809100244808 /* ______UITests.swift */ = {isa = PBXFileReference; lastKnownFileType = sourcecode.swift; path = "______UITests.swift"; sourceTree = "<group>"; };
		2AD1A6DB20A1809100244808 /* Info.plist */ = {isa = PBXFileReference; lastKnownFileType = text.plist.xml; path = Info.plist; sourceTree = "<group>"; };
/* End PBXFileReference section */

/* Begin PBXFrameworksBuildPhase section */
		2AD1A6B320A1809100244808 /* Frameworks */ = {
			isa = PBXFrameworksBuildPhase;
			buildActionMask = 2147483647;
			files = (
			);
			runOnlyForDeploymentPostprocessing = 0;
		};
		2AD1A6C720A1809100244808 /* Frameworks */ = {
			isa = PBXFrameworksBuildPhase;
			buildActionMask = 2147483647;
			files = (
			);
			runOnlyForDeploymentPostprocessing = 0;
		};
		2AD1A6D220A1809100244808 /* Frameworks */ = {
			isa = PBXFrameworksBuildPhase;
			buildActionMask = 2147483647;
			files = (
			);
			runOnlyForDeploymentPostprocessing = 0;
		};
/* End PBXFrameworksBuildPhase section */

/* Begin PBXGroup section */
		2AD1A6AD20A1809100244808 = {
			isa = PBXGroup;
			children = (
				2AD1A6B820A1809100244808 /* 任务提醒软件 */,
				2AD1A6CD20A1809100244808 /* 任务提醒软件Tests */,
				2AD1A6D820A1809100244808 /* 任务提醒软件UITests */,
				2AD1A6B720A1809100244808 /* Products */,
			);
			sourceTree = "<group>";
		};
		2AD1A6B720A1809100244808 /* Products */ = {
			isa = PBXGroup;
			children = (
				2AD1A6B620A1809100244808 /* 任务提醒软件.app */,
				2AD1A6CA20A1809100244808 /* 任务提醒软件Tests.xctest */,
				2AD1A6D520A1809100244808 /* 任务提醒软件UITests.xctest */,
			);
			name = Products;
			sourceTree = "<group>";
		};
		2AD1A6B820A1809100244808 /* 任务提醒软件 */ = {
			isa = PBXGroup;
			children = (
				2AD1A6E720A1855600244808 /* type(任务种类模块相关的文件) */,
				2AD1A6E820A1858100244808 /* todo(具体任务模块相关的文件) */,
				2AD1A6E920A1859C00244808 /* model(数据模型) */,
				2AD1A6B920A1809100244808 /* AppDelegate.swift */,
				2AD1A6BB20A1809100244808 /* ViewController.swift */,
				2AD1A6BD20A1809100244808 /* Main.storyboard */,
				2AD1A6C020A1809100244808 /* Assets.xcassets */,
				2AD1A6C220A1809100244808 /* LaunchScreen.storyboard */,
				2AD1A6C520A1809100244808 /* Info.plist */,
			);
			path = "任务提醒软件";
			sourceTree = "<group>";
		};
		2AD1A6CD20A1809100244808 /* 任务提醒软件Tests */ = {
			isa = PBXGroup;
			children = (
				2AD1A6CE20A1809100244808 /* ______Tests.swift */,
				2AD1A6D020A1809100244808 /* Info.plist */,
			);
			path = "任务提醒软件Tests";
			sourceTree = "<group>";
		};
		2AD1A6D820A1809100244808 /* 任务提醒软件UITests */ = {
			isa = PBXGroup;
			children = (
				2AD1A6D920A1809100244808 /* ______UITests.swift */,
				2AD1A6DB20A1809100244808 /* Info.plist */,
			);
			path = "任务提醒软件UITests";
			sourceTree = "<group>";
		};
		2AD1A6E720A1855600244808 /* type(任务种类模块相关的文件) */ = {
			isa = PBXGroup;
			children = (
				2A835D1620A3C95F006059AF /* TypeViewController.swift */,
				2A835D1A20A3D3AF006059AF /* TypeDetailViewController.swift */,
			);
			path = "type(任务种类模块相关的文件)";
			sourceTree = "<group>";
		};
		2AD1A6E820A1858100244808 /* todo(具体任务模块相关的文件) */ = {
			isa = PBXGroup;
			children = (
			);
			path = "todo(具体任务模块相关的文件)";
			sourceTree = "<group>";
		};
		2AD1A6E920A1859C00244808 /* model(数据模型) */ = {
			isa = PBXGroup;
			children = (
				2A835D1C20A3DA4E006059AF /* TodoModel.swift */,
				2A835D1820A3CEBA006059AF /* TypeItem.swift */,
			);
			path = "model(数据模型)";
			sourceTree = "<group>";
		};
/* End PBXGroup section */

/* Begin PBXNativeTarget section */
		2AD1A6B520A1809100244808 /* 任务提醒软件 */ = {
			isa = PBXNativeTarget;
			buildConfigurationList = 2AD1A6DE20A1809100244808 /* Build configuration list for PBXNativeTarget "任务提醒软件" */;
			buildPhases = (
				2AD1A6B220A1809100244808 /* Sources */,
				2AD1A6B320A1809100244808 /* Frameworks */,
				2AD1A6B420A1809100244808 /* Resources */,
			);
			buildRules = (
			);
			dependencies = (
			);
			name = "任务提醒软件";
			productName = "任务提醒软件";
			productReference = 2AD1A6B620A1809100244808 /* 任务提醒软件.app */;
			productType = "com.apple.product-type.application";
		};
		2AD1A6C920A1809100244808 /* 任务提醒软件Tests */ = {
			isa = PBXNativeTarget;
			buildConfigurationList = 2AD1A6E120A1809100244808 /* Build configuration list for PBXNativeTarget "任务提醒软件Tests" */;
			buildPhases = (
				2AD1A6C620A1809100244808 /* Sources */,
				2AD1A6C720A1809100244808 /* Frameworks */,
				2AD1A6C820A1809100244808 /* Resources */,
			);
			buildRules = (
			);
			dependencies = (
				2AD1A6CC20A1809100244808 /* PBXTargetDependency */,
			);
			name = "任务提醒软件Tests";
			productName = "任务提醒软件Tests";
			productReference = 2AD1A6CA20A1809100244808 /* 任务提醒软件Tests.xctest */;
			productType = "com.apple.product-type.bundle.unit-test";
		};
		2AD1A6D420A1809100244808 /* 任务提醒软件UITests */ = {
			isa = PBXNativeTarget;
			buildConfigurationList = 2AD1A6E420A1809100244808 /* Build configuration list for PBXNativeTarget "任务提醒软件UITests" */;
			buildPhases = (
				2AD1A6D120A1809100244808 /* Sources */,
				2AD1A6D220A1809100244808 /* Frameworks */,
				2AD1A6D320A1809100244808 /* Resources */,
			);
			buildRules = (
			);
			dependencies = (
				2AD1A6D720A1809100244808 /* PBXTargetDependency */,
			);
			name = "任务提醒软件UITests";
			productName = "任务提醒软件UITests";
			productReference = 2AD1A6D520A1809100244808 /* 任务提醒软件UITests.xctest */;
			productType = "com.apple.product-type.bundle.ui-testing";
		};
/* End PBXNativeTarget section */

/* Begin PBXProject section */
		2AD1A6AE20A1809100244808 /* Project object */ = {
			isa = PBXProject;
			attributes = {
				LastSwiftUpdateCheck = 0930;
				LastUpgradeCheck = 0930;
				ORGANIZATIONNAME = hwanghaoyu;
				TargetAttributes = {
					2AD1A6B520A1809100244808 = {
						CreatedOnToolsVersion = 9.3;
					};
					2AD1A6C920A1809100244808 = {
						CreatedOnToolsVersion = 9.3;
						TestTargetID = 2AD1A6B520A1809100244808;
					};
					2AD1A6D420A1809100244808 = {
						CreatedOnToolsVersion = 9.3;
						TestTargetID = 2AD1A6B520A1809100244808;
					};
				};
			};
			buildConfigurationList = 2AD1A6B120A1809100244808 /* Build configuration list for PBXProject "任务提醒软件" */;
			compatibilityVersion = "Xcode 9.3";
			developmentRegion = en;
			hasScannedForEncodings = 0;
			knownRegions = (
				en,
				Base,
			);
			mainGroup = 2AD1A6AD20A1809100244808;
			productRefGroup = 2AD1A6B720A1809100244808 /* Products */;
			projectDirPath = "";
			projectRoot = "";
			targets = (
				2AD1A6B520A1809100244808 /* 任务提醒软件 */,
				2AD1A6C920A1809100244808 /* 任务提醒软件Tests */,
				2AD1A6D420A1809100244808 /* 任务提醒软件UITests */,
			);
		};
/* End PBXProject section */

/* Begin PBXResourcesBuildPhase section */
		2AD1A6B420A1809100244808 /* Resources */ = {
			isa = PBXResourcesBuildPhase;
			buildActionMask = 2147483647;
			files = (
				2AD1A6C420A1809100244808 /* LaunchScreen.storyboard in Resources */,
				2AD1A6C120A1809100244808 /* Assets.xcassets in Resources */,
				2AD1A6BF20A1809100244808 /* Main.storyboard in Resources */,
			);
			runOnlyForDeploymentPostprocessing = 0;
		};
		2AD1A6C820A1809100244808 /* Resources */ = {
			isa = PBXResourcesBuildPhase;
			buildActionMask = 2147483647;
			files = (
			);
			runOnlyForDeploymentPostprocessing = 0;
		};
		2AD1A6D320A1809100244808 /* Resources */ = {
			isa = PBXResourcesBuildPhase;
			buildActionMask = 2147483647;
			files = (
			);
			runOnlyForDeploymentPostprocessing = 0;
		};
/* End PBXResourcesBuildPhase section */

/* Begin PBXSourcesBuildPhase section */
		2AD1A6B220A1809100244808 /* Sources */ = {
			isa = PBXSourcesBuildPhase;
			buildActionMask = 2147483647;
			files = (
				2A835D1720A3C95F006059AF /* TypeViewController.swift in Sources */,
				2AD1A6BC20A1809100244808 /* ViewController.swift in Sources */,
				2A835D1920A3CEBA006059AF /* TypeItem.swift in Sources */,
				2A835D1D20A3DA4E006059AF /* TodoModel.swift in Sources */,
				2AD1A6BA20A1809100244808 /* AppDelegate.swift in Sources */,
				2A835D1B20A3D3AF006059AF /* TypeDetailViewController.swift in Sources */,
			);
			runOnlyForDeploymentPostprocessing = 0;
		};
		2AD1A6C620A1809100244808 /* Sources */ = {
			isa = PBXSourcesBuildPhase;
			buildActionMask = 2147483647;
			files = (
				2AD1A6CF20A1809100244808 /* ______Tests.swift in Sources */,
			);
			runOnlyForDeploymentPostprocessing = 0;
		};
		2AD1A6D120A1809100244808 /* Sources */ = {
			isa = PBXSourcesBuildPhase;
			buildActionMask = 2147483647;
			files = (
				2AD1A6DA20A1809100244808 /* ______UITests.swift in Sources */,
			);
			runOnlyForDeploymentPostprocessing = 0;
		};
/* End PBXSourcesBuildPhase section */

/* Begin PBXTargetDependency section */
		2AD1A6CC20A1809100244808 /* PBXTargetDependency */ = {
			isa = PBXTargetDependency;
			target = 2AD1A6B520A1809100244808 /* 任务提醒软件 */;
			targetProxy = 2AD1A6CB20A1809100244808 /* PBXContainerItemProxy */;
		};
		2AD1A6D720A1809100244808 /* PBXTargetDependency */ = {
			isa = PBXTargetDependency;
			target = 2AD1A6B520A1809100244808 /* 任务提醒软件 */;
			targetProxy = 2AD1A6D620A1809100244808 /* PBXContainerItemProxy */;
		};
/* End PBXTargetDependency section */

/* Begin PBXVariantGroup section */
		2AD1A6BD20A1809100244808 /* Main.storyboard */ = {
			isa = PBXVariantGroup;
			children = (
				2AD1A6BE20A1809100244808 /* Base */,
			);
			name = Main.storyboard;
			sourceTree = "<group>";
		};
		2AD1A6C220A1809100244808 /* LaunchScreen.storyboard */ = {
			isa = PBXVariantGroup;
			children = (
				2AD1A6C320A1809100244808 /* Base */,
			);
			name = LaunchScreen.storyboard;
			sourceTree = "<group>";
		};
/* End PBXVariantGroup section */

/* Begin XCBuildConfiguration section */
		2AD1A6DC20A1809100244808 /* Debug */ = {
			isa = XCBuildConfiguration;
			buildSettings = {
				ALWAYS_SEARCH_USER_PATHS = NO;
				CLANG_ANALYZER_NONNULL = YES;
				CLANG_ANALYZER_NUMBER_OBJECT_CONVERSION = YES_AGGRESSIVE;
				CLANG_CXX_LANGUAGE_STANDARD = "gnu++14";
				CLANG_CXX_LIBRARY = "libc++";
				CLANG_ENABLE_MODULES = YES;
				CLANG_ENABLE_OBJC_ARC = YES;
				CLANG_ENABLE_OBJC_WEAK = YES;
				CLANG_WARN_BLOCK_CAPTURE_AUTORELEASING = YES;
				CLANG_WARN_BOOL_CONVERSION = YES;
				CLANG_WARN_COMMA = YES;
				CLANG_WARN_CONSTANT_CONVERSION = YES;
				CLANG_WARN_DEPRECATED_OBJC_IMPLEMENTATIONS = YES;
				CLANG_WARN_DIRECT_OBJC_ISA_USAGE = YES_ERROR;
				CLANG_WARN_DOCUMENTATION_COMMENTS = YES;
				CLANG_WARN_EMPTY_BODY = YES;
				CLANG_WARN_ENUM_CONVERSION = YES;
				CLANG_WARN_INFINITE_RECURSION = YES;
				CLANG_WARN_INT_CONVERSION = YES;
				CLANG_WARN_NON_LITERAL_NULL_CONVERSION = YES;
				CLANG_WARN_OBJC_IMPLICIT_RETAIN_SELF = YES;
				CLANG_WARN_OBJC_LITERAL_CONVERSION = YES;
				CLANG_WARN_OBJC_ROOT_CLASS = YES_ERROR;
				CLANG_WARN_RANGE_LOOP_ANALYSIS = YES;
				CLANG_WARN_STRICT_PROTOTYPES = YES;
				CLANG_WARN_SUSPICIOUS_MOVE = YES;
				CLANG_WARN_UNGUARDED_AVAILABILITY = YES_AGGRESSIVE;
				CLANG_WARN_UNREACHABLE_CODE = YES;
				CLANG_WARN__DUPLICATE_METHOD_MATCH = YES;
				CODE_SIGN_IDENTITY = "iPhone Developer";
				COPY_PHASE_STRIP = NO;
				DEBUG_INFORMATION_FORMAT = dwarf;
				ENABLE_STRICT_OBJC_MSGSEND = YES;
				ENABLE_TESTABILITY = YES;
				GCC_C_LANGUAGE_STANDARD = gnu11;
				GCC_DYNAMIC_NO_PIC = NO;
				GCC_NO_COMMON_BLOCKS = YES;
				GCC_OPTIMIZATION_LEVEL = 0;
				GCC_PREPROCESSOR_DEFINITIONS = (
					"DEBUG=1",
					"$(inherited)",
				);
				GCC_WARN_64_TO_32_BIT_CONVERSION = YES;
				GCC_WARN_ABOUT_RETURN_TYPE = YES_ERROR;
				GCC_WARN_UNDECLARED_SELECTOR = YES;
				GCC_WARN_UNINITIALIZED_AUTOS = YES_AGGRESSIVE;
				GCC_WARN_UNUSED_FUNCTION = YES;
				GCC_WARN_UNUSED_VARIABLE = YES;
				IPHONEOS_DEPLOYMENT_TARGET = 11.3;
				MTL_ENABLE_DEBUG_INFO = YES;
				ONLY_ACTIVE_ARCH = YES;
				SDKROOT = iphoneos;
				SWIFT_ACTIVE_COMPILATION_CONDITIONS = DEBUG;
				SWIFT_OPTIMIZATION_LEVEL = "-Onone";
			};
			name = Debug;
		};
		2AD1A6DD20A1809100244808 /* Release */ = {
			isa = XCBuildConfiguration;
			buildSettings = {
				ALWAYS_SEARCH_USER_PATHS = NO;
				CLANG_ANALYZER_NONNULL = YES;
				CLANG_ANALYZER_NUMBER_OBJECT_CONVERSION = YES_AGGRESSIVE;
				CLANG_CXX_LANGUAGE_STANDARD = "gnu++14";
				CLANG_CXX_LIBRARY = "libc++";
				CLANG_ENABLE_MODULES = YES;
				CLANG_ENABLE_OBJC_ARC = YES;
				CLANG_ENABLE_OBJC_WEAK = YES;
				CLANG_WARN_BLOCK_CAPTURE_AUTORELEASING = YES;
				CLANG_WARN_BOOL_CONVERSION = YES;
				CLANG_WARN_COMMA = YES;
				CLANG_WARN_CONSTANT_CONVERSION = YES;
				CLANG_WARN_DEPRECATED_OBJC_IMPLEMENTATIONS = YES;
				CLANG_WARN_DIRECT_OBJC_ISA_USAGE = YES_ERROR;
				CLANG_WARN_DOCUMENTATION_COMMENTS = YES;
				CLANG_WARN_EMPTY_BODY = YES;
				CLANG_WARN_ENUM_CONVERSION = YES;
				CLANG_WARN_INFINITE_RECURSION = YES;
				CLANG_WARN_INT_CONVERSION = YES;
				CLANG_WARN_NON_LITERAL_NULL_CONVERSION = YES;
				CLANG_WARN_OBJC_IMPLICIT_RETAIN_SELF = YES;
				CLANG_WARN_OBJC_LITERAL_CONVERSION = YES;
				CLANG_WARN_OBJC_ROOT_CLASS = YES_ERROR;
				CLANG_WARN_RANGE_LOOP_ANALYSIS = YES;
				CLANG_WARN_STRICT_PROTOTYPES = YES;
				CLANG_WARN_SUSPICIOUS_MOVE = YES;
				CLANG_WARN_UNGUARDED_AVAILABILITY = YES_AGGRESSIVE;
				CLANG_WARN_UNREACHABLE_CODE = YES;
				CLANG_WARN__DUPLICATE_METHOD_MATCH = YES;
				CODE_SIGN_IDENTITY = "iPhone Developer";
				COPY_PHASE_STRIP = NO;
				DEBUG_INFORMATION_FORMAT = "dwarf-with-dsym";
				ENABLE_NS_ASSERTIONS = NO;
				ENABLE_STRICT_OBJC_MSGSEND = YES;
				GCC_C_LANGUAGE_STANDARD = gnu11;
				GCC_NO_COMMON_BLOCKS = YES;
				GCC_WARN_64_TO_32_BIT_CONVERSION = YES;
				GCC_WARN_ABOUT_RETURN_TYPE = YES_ERROR;
				GCC_WARN_UNDECLARED_SELECTOR = YES;
				GCC_WARN_UNINITIALIZED_AUTOS = YES_AGGRESSIVE;
				GCC_WARN_UNUSED_FUNCTION = YES;
				GCC_WARN_UNUSED_VARIABLE = YES;
				IPHONEOS_DEPLOYMENT_TARGET = 11.3;
				MTL_ENABLE_DEBUG_INFO = NO;
				SDKROOT = iphoneos;
				SWIFT_COMPILATION_MODE = wholemodule;
				SWIFT_OPTIMIZATION_LEVEL = "-O";
				VALIDATE_PRODUCT = YES;
			};
			name = Release;
		};
		2AD1A6DF20A1809100244808 /* Debug */ = {
			isa = XCBuildConfiguration;
			buildSettings = {
				ASSETCATALOG_COMPILER_APPICON_NAME = AppIcon;
				CODE_SIGN_STYLE = Automatic;
				DEVELOPMENT_TEAM = PFGTXBC59E;
				INFOPLIST_FILE = "任务提醒软件/Info.plist";
				LD_RUNPATH_SEARCH_PATHS = (
					"$(inherited)",
					"@executable_path/Frameworks",
				);
				PRODUCT_BUNDLE_IDENTIFIER = "com.hwanghaoyu.------";
				PRODUCT_NAME = "$(TARGET_NAME)";
				SWIFT_VERSION = 4.0;
				TARGETED_DEVICE_FAMILY = "1,2";
			};
			name = Debug;
		};
		2AD1A6E020A1809100244808 /* Release */ = {
			isa = XCBuildConfiguration;
			buildSettings = {
				ASSETCATALOG_COMPILER_APPICON_NAME = AppIcon;
				CODE_SIGN_STYLE = Automatic;
				DEVELOPMENT_TEAM = PFGTXBC59E;
				INFOPLIST_FILE = "任务提醒软件/Info.plist";
				LD_RUNPATH_SEARCH_PATHS = (
					"$(inherited)",
					"@executable_path/Frameworks",
				);
				PRODUCT_BUNDLE_IDENTIFIER = "com.hwanghaoyu.------";
				PRODUCT_NAME = "$(TARGET_NAME)";
				SWIFT_VERSION = 4.0;
				TARGETED_DEVICE_FAMILY = "1,2";
			};
			name = Release;
		};
		2AD1A6E220A1809100244808 /* Debug */ = {
			isa = XCBuildConfiguration;
			buildSettings = {
				ALWAYS_EMBED_SWIFT_STANDARD_LIBRARIES = YES;
				BUNDLE_LOADER = "$(TEST_HOST)";
				CODE_SIGN_STYLE = Automatic;
				DEVELOPMENT_TEAM = PFGTXBC59E;
				INFOPLIST_FILE = "任务提醒软件Tests/Info.plist";
				LD_RUNPATH_SEARCH_PATHS = (
					"$(inherited)",
					"@executable_path/Frameworks",
					"@loader_path/Frameworks",
				);
				PRODUCT_BUNDLE_IDENTIFIER = "com.hwanghaoyu.------Tests";
				PRODUCT_NAME = "$(TARGET_NAME)";
				SWIFT_VERSION = 4.0;
				TARGETED_DEVICE_FAMILY = "1,2";
				TEST_HOST = "$(BUILT_PRODUCTS_DIR)/任务提醒软件.app/任务提醒软件";
			};
			name = Debug;
		};
		2AD1A6E320A1809100244808 /* Release */ = {
			isa = XCBuildConfiguration;
			buildSettings = {
				ALWAYS_EMBED_SWIFT_STANDARD_LIBRARIES = YES;
				BUNDLE_LOADER = "$(TEST_HOST)";
				CODE_SIGN_STYLE = Automatic;
				DEVELOPMENT_TEAM = PFGTXBC59E;
				INFOPLIST_FILE = "任务提醒软件Tests/Info.plist";
				LD_RUNPATH_SEARCH_PATHS = (
					"$(inherited)",
					"@executable_path/Frameworks",
					"@loader_path/Frameworks",
				);
				PRODUCT_BUNDLE_IDENTIFIER = "com.hwanghaoyu.------Tests";
				PRODUCT_NAME = "$(TARGET_NAME)";
				SWIFT_VERSION = 4.0;
				TARGETED_DEVICE_FAMILY = "1,2";
				TEST_HOST = "$(BUILT_PRODUCTS_DIR)/任务提醒软件.app/任务提醒软件";
			};
			name = Release;
		};
		2AD1A6E520A1809100244808 /* Debug */ = {
			isa = XCBuildConfiguration;
			buildSettings = {
				ALWAYS_EMBED_SWIFT_STANDARD_LIBRARIES = YES;
				CODE_SIGN_STYLE = Automatic;
				DEVELOPMENT_TEAM = PFGTXBC59E;
				INFOPLIST_FILE = "任务提醒软件UITests/Info.plist";
				LD_RUNPATH_SEARCH_PATHS = (
					"$(inherited)",
					"@executable_path/Frameworks",
					"@loader_path/Frameworks",
				);
				PRODUCT_BUNDLE_IDENTIFIER = "com.hwanghaoyu.------UITests";
				PRODUCT_NAME = "$(TARGET_NAME)";
				SWIFT_VERSION = 4.0;
				TARGETED_DEVICE_FAMILY = "1,2";
				TEST_TARGET_NAME = "任务提醒软件";
			};
			name = Debug;
		};
		2AD1A6E620A1809100244808 /* Release */ = {
			isa = XCBuildConfiguration;
			buildSettings = {
				ALWAYS_EMBED_SWIFT_STANDARD_LIBRARIES = YES;
				CODE_SIGN_STYLE = Automatic;
				DEVELOPMENT_TEAM = PFGTXBC59E;
				INFOPLIST_FILE = "任务提醒软件UITests/Info.plist";
				LD_RUNPATH_SEARCH_PATHS = (
					"$(inherited)",
					"@executable_path/Frameworks",
					"@loader_path/Frameworks",
				);
				PRODUCT_BUNDLE_IDENTIFIER = "com.hwanghaoyu.------UITests";
				PRODUCT_NAME = "$(TARGET_NAME)";
				SWIFT_VERSION = 4.0;
				TARGETED_DEVICE_FAMILY = "1,2";
				TEST_TARGET_NAME = "任务提醒软件";
			};
			name = Release;
		};
/* End XCBuildConfiguration section */

/* Begin XCConfigurationList section */
		2AD1A6B120A1809100244808 /* Build configuration list for PBXProject "任务提醒软件" */ = {
			isa = XCConfigurationList;
			buildConfigurations = (
				2AD1A6DC20A1809100244808 /* Debug */,
				2AD1A6DD20A1809100244808 /* Release */,
			);
			defaultConfigurationIsVisible = 0;
			defaultConfigurationName = Release;
		};
		2AD1A6DE20A1809100244808 /* Build configuration list for PBXNativeTarget "任务提醒软件" */ = {
			isa = XCConfigurationList;
			buildConfigurations = (
				2AD1A6DF20A1809100244808 /* Debug */,
				2AD1A6E020A1809100244808 /* Release */,
			);
			defaultConfigurationIsVisible = 0;
			defaultConfigurationName = Release;
		};
		2AD1A6E120A1809100244808 /* Build configuration list for PBXNativeTarget "任务提醒软件Tests" */ = {
			isa = XCConfigurationList;
			buildConfigurations = (
				2AD1A6E220A1809100244808 /* Debug */,
				2AD1A6E320A1809100244808 /* Release */,
			);
			defaultConfigurationIsVisible = 0;
			defaultConfigurationName = Release;
		};
		2AD1A6E420A1809100244808 /* Build configuration list for PBXNativeTarget "任务提醒软件UITests" */ = {
			isa = XCConfigurationList;
			buildConfigurations = (
				2AD1A6E520A1809100244808 /* Debug */,
				2AD1A6E620A1809100244808 /* Release */,
			);
			defaultConfigurationIsVisible = 0;
			defaultConfigurationName = Release;
		};
/* End XCConfigurationList section */
	};
	rootObject = 2AD1A6AE20A1809100244808 /* Project object */;
}
